
Microsoft Visual Studio Solution File, Format Version 12.00
# Visual Studio Version 16
VisualStudioVersion = 16.0.28803.352
MinimumVisualStudioVersion = 10.0.40219.1
Project("{9A19103F-16F7-4668-BE54-9A1E7A4F7556}") = "XmSoft.AspNetCore.WxApi", "XmSoft.AspNetCore.WxApi\XmSoft.AspNetCore.WxApi.csproj", "{5324D69F-F47A-40CC-BABD-3D100F91F2C5}"
EndProject
Project("{9A19103F-16F7-4668-BE54-9A1E7A4F7556}") = "XmSoft.AspNetCore.Sample", "XmSoft.AspNetCore.Sample\XmSoft.AspNetCore.Sample.csproj", "{DCC0521C-E67D-4266-95C5-35615759DBC4}"
EndProject
Project("{2150E333-8FDC-42A3-9474-1A3956D46DE8}") = "测试接口", "测试接口", "{697EEA8C-D513-4EEA-808C-3E72B1DC19FB}"
	ProjectSection(SolutionItems) = preProject
		WxApiUnit.http = WxApiUnit.http
	EndProjectSection
EndProject
Project("{9A19103F-16F7-4668-BE54-9A1E7A4F7556}") = "XmSoft.AspNetCore.XUnit", "XmSoft.AspNetCore.XUnit\XmSoft.AspNetCore.XUnit.csproj", "{2B11F360-9B20-480B-B37C-EDD326F1B2F9}"
EndProject
Global
	GlobalSection(SolutionConfigurationPlatforms) = preSolution
		Debug|Any CPU = Debug|Any CPU
		Release|Any CPU = Release|Any CPU
	EndGlobalSection
	GlobalSection(ProjectConfigurationPlatforms) = postSolution
		{5324D69F-F47A-40CC-BABD-3D100F91F2C5}.Debug|Any CPU.ActiveCfg = Debug|Any CPU
		{5324D69F-F47A-40CC-BABD-3D100F91F2C5}.Debug|Any CPU.Build.0 = Debug|Any CPU
		{5324D69F-F47A-40CC-BABD-3D100F91F2C5}.Release|Any CPU.ActiveCfg = Release|Any CPU
		{5324D69F-F47A-40CC-BABD-3D100F91F2C5}.Release|Any CPU.Build.0 = Release|Any CPU
		{DCC0521C-E67D-4266-95C5-35615759DBC4}.Debug|Any CPU.ActiveCfg = Debug|Any CPU
		{DCC0521C-E67D-4266-95C5-35615759DBC4}.Debug|Any CPU.Build.0 = Debug|Any CPU
		{DCC0521C-E67D-4266-95C5-35615759DBC4}.Release|Any CPU.ActiveCfg = Release|Any CPU
		{DCC0521C-E67D-4266-95C5-35615759DBC4}.Release|Any CPU.Build.0 = Release|Any CPU
		{2B11F360-9B20-480B-B37C-EDD326F1B2F9}.Debug|Any CPU.ActiveCfg = Debug|Any CPU
		{2B11F360-9B20-480B-B37C-EDD326F1B2F9}.Debug|Any CPU.Build.0 = Debug|Any CPU
		{2B11F360-9B20-480B-B37C-EDD326F1B2F9}.Release|Any CPU.ActiveCfg = Release|Any CPU
		{2B11F360-9B20-480B-B37C-EDD326F1B2F9}.Release|Any CPU.Build.0 = Release|Any CPU
	EndGlobalSection
	GlobalSection(SolutionProperties) = preSolution
		HideSolutionNode = FALSE
	EndGlobalSection
	GlobalSection(ExtensibilityGlobals) = postSolution
		SolutionGuid = {8646BD55-5BD9-4A88-A7C4-BF7BA2DEF34B}
	EndGlobalSection
EndGlobal
